
Microsoft Visual Studio Solution File, Format Version 12.00
# Visual Studio Version 16
VisualStudioVersion = 16.0.30621.155
MinimumVisualStudioVersion = 10.0.40219.1
Project("{9A19103F-16F7-4668-BE54-9A1E7A4F7556}") = "ManagmentApplication", "ManagmentApplication.csproj", "{ED5DCF3E-64B0-4CFD-A130-B976270EEEDD}"
EndProject
Global
	GlobalSection(SolutionConfigurationPlatforms) = preSolution
		Debug|Any CPU = Debug|Any CPU
		Release|Any CPU = Release|Any CPU
	EndGlobalSection
	GlobalSection(ProjectConfigurationPlatforms) = postSolution
		{ED5DCF3E-64B0-4CFD-A130-B976270EEEDD}.Debug|Any CPU.ActiveCfg = Debug|Any CPU
		{ED5DCF3E-64B0-4CFD-A130-B976270EEEDD}.Debug|Any CPU.Build.0 = Debug|Any CPU
		{ED5DCF3E-64B0-4CFD-A130-B976270EEEDD}.Release|Any CPU.ActiveCfg = Release|Any CPU
		{ED5DCF3E-64B0-4CFD-A130-B976270EEEDD}.Release|Any CPU.Build.0 = Release|Any CPU
	EndGlobalSection
	GlobalSection(SolutionProperties) = preSolution
		HideSolutionNode = FALSE
	EndGlobalSection
	GlobalSection(ExtensibilityGlobals) = postSolution
		SolutionGuid = {BA324D9F-9EDF-4335-8D11-13FEA29C0D38}
	EndGlobalSection
EndGlobal
